
Microsoft Visual Studio Solution File, Format Version 12.00
# Visual Studio Version 17
VisualStudioVersion = 17.0.31903.59
MinimumVisualStudioVersion = 10.0.40219.1
Project("{FAE04EC0-301F-11D3-BF4B-00C04F79EFBC}") = "Core", "Core\Core.csproj", "{CBAFE2D1-B8EB-4490-A97F-C1F41DE6910E}"
EndProject
Project("{FAE04EC0-301F-11D3-BF4B-00C04F79EFBC}") = "Infrastructure", "Infrastructure\Infrastructure.csproj", "{62983D27-37E8-4DE0-A972-ADF77BC57308}"
EndProject
Project("{FAE04EC0-301F-11D3-BF4B-00C04F79EFBC}") = "FiapStoreApi", "FiapStoreApi\FiapStoreApi.csproj", "{99734681-B018-46C8-9A14-F0CD4345E7F3}"
EndProject
Project("{FAE04EC0-301F-11D3-BF4B-00C04F79EFBC}") = "FiapStoreApi.Tests", "FiapStoreApi.Tests\FiapStoreApi.Tests.csproj", "{CB31CAAD-5127-4ED3-B649-53CB47E96247}"
EndProject
Global
	GlobalSection(SolutionConfigurationPlatforms) = preSolution
		Debug|Any CPU = Debug|Any CPU
		Debug|x64 = Debug|x64
		Debug|x86 = Debug|x86
		Release|Any CPU = Release|Any CPU
		Release|x64 = Release|x64
		Release|x86 = Release|x86
	EndGlobalSection
	GlobalSection(ProjectConfigurationPlatforms) = postSolution
		{CBAFE2D1-B8EB-4490-A97F-C1F41DE6910E}.Debug|Any CPU.ActiveCfg = Debug|Any CPU
		{CBAFE2D1-B8EB-4490-A97F-C1F41DE6910E}.Debug|Any CPU.Build.0 = Debug|Any CPU
		{CBAFE2D1-B8EB-4490-A97F-C1F41DE6910E}.Debug|x64.ActiveCfg = Debug|Any CPU
		{CBAFE2D1-B8EB-4490-A97F-C1F41DE6910E}.Debug|x64.Build.0 = Debug|Any CPU
		{CBAFE2D1-B8EB-4490-A97F-C1F41DE6910E}.Debug|x86.ActiveCfg = Debug|Any CPU
		{CBAFE2D1-B8EB-4490-A97F-C1F41DE6910E}.Debug|x86.Build.0 = Debug|Any CPU
		{CBAFE2D1-B8EB-4490-A97F-C1F41DE6910E}.Release|Any CPU.ActiveCfg = Release|Any CPU
		{CBAFE2D1-B8EB-4490-A97F-C1F41DE6910E}.Release|Any CPU.Build.0 = Release|Any CPU
		{CBAFE2D1-B8EB-4490-A97F-C1F41DE6910E}.Release|x64.ActiveCfg = Release|Any CPU
		{CBAFE2D1-B8EB-4490-A97F-C1F41DE6910E}.Release|x64.Build.0 = Release|Any CPU
		{CBAFE2D1-B8EB-4490-A97F-C1F41DE6910E}.Release|x86.ActiveCfg = Release|Any CPU
		{CBAFE2D1-B8EB-4490-A97F-C1F41DE6910E}.Release|x86.Build.0 = Release|Any CPU
		{62983D27-37E8-4DE0-A972-ADF77BC57308}.Debug|Any CPU.ActiveCfg = Debug|Any CPU
		{62983D27-37E8-4DE0-A972-ADF77BC57308}.Debug|Any CPU.Build.0 = Debug|Any CPU
		{62983D27-37E8-4DE0-A972-ADF77BC57308}.Debug|x64.ActiveCfg = Debug|Any CPU
		{62983D27-37E8-4DE0-A972-ADF77BC57308}.Debug|x64.Build.0 = Debug|Any CPU
		{62983D27-37E8-4DE0-A972-ADF77BC57308}.Debug|x86.ActiveCfg = Debug|Any CPU
		{62983D27-37E8-4DE0-A972-ADF77BC57308}.Debug|x86.Build.0 = Debug|Any CPU
		{62983D27-37E8-4DE0-A972-ADF77BC57308}.Release|Any CPU.ActiveCfg = Release|Any CPU
		{62983D27-37E8-4DE0-A972-ADF77BC57308}.Release|Any CPU.Build.0 = Release|Any CPU
		{62983D27-37E8-4DE0-A972-ADF77BC57308}.Release|x64.ActiveCfg = Release|Any CPU
		{62983D27-37E8-4DE0-A972-ADF77BC57308}.Release|x64.Build.0 = Release|Any CPU
		{62983D27-37E8-4DE0-A972-ADF77BC57308}.Release|x86.ActiveCfg = Release|Any CPU
		{62983D27-37E8-4DE0-A972-ADF77BC57308}.Release|x86.Build.0 = Release|Any CPU
		{99734681-B018-46C8-9A14-F0CD4345E7F3}.Debug|Any CPU.ActiveCfg = Debug|Any CPU
		{99734681-B018-46C8-9A14-F0CD4345E7F3}.Debug|Any CPU.Build.0 = Debug|Any CPU
		{99734681-B018-46C8-9A14-F0CD4345E7F3}.Debug|x64.ActiveCfg = Debug|Any CPU
		{99734681-B018-46C8-9A14-F0CD4345E7F3}.Debug|x64.Build.0 = Debug|Any CPU
		{99734681-B018-46C8-9A14-F0CD4345E7F3}.Debug|x86.ActiveCfg = Debug|Any CPU
		{99734681-B018-46C8-9A14-F0CD4345E7F3}.Debug|x86.Build.0 = Debug|Any CPU
		{99734681-B018-46C8-9A14-F0CD4345E7F3}.Release|Any CPU.ActiveCfg = Release|Any CPU
		{99734681-B018-46C8-9A14-F0CD4345E7F3}.Release|Any CPU.Build.0 = Release|Any CPU
		{99734681-B018-46C8-9A14-F0CD4345E7F3}.Release|x64.ActiveCfg = Release|Any CPU
		{99734681-B018-46C8-9A14-F0CD4345E7F3}.Release|x64.Build.0 = Release|Any CPU
		{99734681-B018-46C8-9A14-F0CD4345E7F3}.Release|x86.ActiveCfg = Release|Any CPU
		{99734681-B018-46C8-9A14-F0CD4345E7F3}.Release|x86.Build.0 = Release|Any CPU
		{CB31CAAD-5127-4ED3-B649-53CB47E96247}.Debug|Any CPU.ActiveCfg = Debug|Any CPU
		{CB31CAAD-5127-4ED3-B649-53CB47E96247}.Debug|Any CPU.Build.0 = Debug|Any CPU
		{CB31CAAD-5127-4ED3-B649-53CB47E96247}.Debug|x64.ActiveCfg = Debug|Any CPU
		{CB31CAAD-5127-4ED3-B649-53CB47E96247}.Debug|x64.Build.0 = Debug|Any CPU
		{CB31CAAD-5127-4ED3-B649-53CB47E96247}.Debug|x86.ActiveCfg = Debug|Any CPU
		{CB31CAAD-5127-4ED3-B649-53CB47E96247}.Debug|x86.Build.0 = Debug|Any CPU
		{CB31CAAD-5127-4ED3-B649-53CB47E96247}.Release|Any CPU.ActiveCfg = Release|Any CPU
		{CB31CAAD-5127-4ED3-B649-53CB47E96247}.Release|Any CPU.Build.0 = Release|Any CPU
		{CB31CAAD-5127-4ED3-B649-53CB47E96247}.Release|x64.ActiveCfg = Release|Any CPU
		{CB31CAAD-5127-4ED3-B649-53CB47E96247}.Release|x64.Build.0 = Release|Any CPU
		{CB31CAAD-5127-4ED3-B649-53CB47E96247}.Release|x86.ActiveCfg = Release|Any CPU
		{CB31CAAD-5127-4ED3-B649-53CB47E96247}.Release|x86.Build.0 = Release|Any CPU
	EndGlobalSection
	GlobalSection(SolutionProperties) = preSolution
		HideSolutionNode = FALSE
	EndGlobalSection
EndGlobal
